
Microsoft Visual Studio Solution File, Format Version 12.00
# Visual Studio Version 17
VisualStudioVersion = 17.9.34701.34
MinimumVisualStudioVersion = 10.0.40219.1
Project("{8BC9CEB8-8B4A-11D0-8D11-00A0C91BC942}") = "ISP", "ISP.vcxproj", "{7BC57E87-1E45-4EAD-961E-9012431D9680}"
EndProject
Global
	GlobalSection(SolutionConfigurationPlatforms) = preSolution
		Debug|x64 = Debug|x64
		Debug|x86 = Debug|x86
		Release|x64 = Release|x64
		Release|x86 = Release|x86
	EndGlobalSection
	GlobalSection(ProjectConfigurationPlatforms) = postSolution
		{7BC57E87-1E45-4EAD-961E-9012431D9680}.Debug|x64.ActiveCfg = Debug|x64
		{7BC57E87-1E45-4EAD-961E-9012431D9680}.Debug|x64.Build.0 = Debug|x64
		{7BC57E87-1E45-4EAD-961E-9012431D9680}.Debug|x86.ActiveCfg = Debug|Win32
		{7BC57E87-1E45-4EAD-961E-9012431D9680}.Debug|x86.Build.0 = Debug|Win32
		{7BC57E87-1E45-4EAD-961E-9012431D9680}.Release|x64.ActiveCfg = Release|x64
		{7BC57E87-1E45-4EAD-961E-9012431D9680}.Release|x64.Build.0 = Release|x64
		{7BC57E87-1E45-4EAD-961E-9012431D9680}.Release|x86.ActiveCfg = Release|Win32
		{7BC57E87-1E45-4EAD-961E-9012431D9680}.Release|x86.Build.0 = Release|Win32
	EndGlobalSection
	GlobalSection(SolutionProperties) = preSolution
		HideSolutionNode = FALSE
	EndGlobalSection
	GlobalSection(ExtensibilityGlobals) = postSolution
		SolutionGuid = {8F2A6770-1913-49B9-A199-AAF99E84E882}
	EndGlobalSection
EndGlobal
